# This file is automatically @generated by Cargo.
# It is not intended for manual editing.
version = 3

[[package]]
name = "alto"
version = "0.1.0-alpha"
dependencies = [
 "alto-syntax",
]

[[package]]
name = "alto-syntax"
version = "0.1.0-alpha"
dependencies = [
 "parseme",
]

[[package]]
name = "parseme"
version = "0.2.0-alpha"
source = "git+https://github.com/pzipper/parseme#9f40bfe4e9b9d50bbf1fb4bc835173764acd3e52"
dependencies = [
 "parseme-xid",
]

[[package]]
name = "parseme-xid"
version = "0.2.0-alpha"
source = "git+https://github.com/pzipper/parseme#9f40bfe4e9b9d50bbf1fb4bc835173764acd3e52"
dependencies = [
 "unicode-xid",
]

[[package]]
name = "unicode-xid"
version = "0.2.4"
source = "registry+https://github.com/rust-lang/crates.io-index"
checksum = "f962df74c8c05a667b5ee8bcf162993134c104e96440b663c8daa176dc772d8c"
